
Microsoft Visual Studio Solution File, Format Version 12.00
# Visual Studio Version 17
VisualStudioVersion = 17.4.33122.133
MinimumVisualStudioVersion = 10.0.40219.1
Project("{9A19103F-16F7-4668-BE54-9A1E7A4F7556}") = "OpenBook.Server", "OpenBook\Server\OpenBook.Server.csproj", "{D21395BE-0254-4782-9298-902D7D9AD79A}"
EndProject
Project("{9A19103F-16F7-4668-BE54-9A1E7A4F7556}") = "OpenBook.Client", "OpenBook\Client\OpenBook.Client.csproj", "{758FF94B-9EF8-4057-8610-0DE27E3217EE}"
EndProject
Project("{9A19103F-16F7-4668-BE54-9A1E7A4F7556}") = "OpenBook.Shared", "OpenBook\Shared\OpenBook.Shared.csproj", "{D185CE9C-807C-4899-BFA7-2E556423AEFD}"
EndProject
Project("{9A19103F-16F7-4668-BE54-9A1E7A4F7556}") = "OpenBook.Domain", "OpenBook.Domain\OpenBook.Domain.csproj", "{B2153F64-4878-448C-9DCA-85DF0348C232}"
EndProject
Project("{9A19103F-16F7-4668-BE54-9A1E7A4F7556}") = "OpenBook.App", "OpenBook.App\OpenBook.App.csproj", "{760AB5B7-8A09-4360-8E5B-0A9B8E7371F3}"
EndProject
Project("{9A19103F-16F7-4668-BE54-9A1E7A4F7556}") = "OpenBook.Adapter", "OpenBook.Adapter\OpenBook.Adapter.csproj", "{5CEA2A32-9148-4A9D-915B-CF1F9F127AC3}"
EndProject
Global
	GlobalSection(SolutionConfigurationPlatforms) = preSolution
		Debug|Any CPU = Debug|Any CPU
		Release|Any CPU = Release|Any CPU
	EndGlobalSection
	GlobalSection(ProjectConfigurationPlatforms) = postSolution
		{D21395BE-0254-4782-9298-902D7D9AD79A}.Debug|Any CPU.ActiveCfg = Debug|Any CPU
		{D21395BE-0254-4782-9298-902D7D9AD79A}.Debug|Any CPU.Build.0 = Debug|Any CPU
		{D21395BE-0254-4782-9298-902D7D9AD79A}.Release|Any CPU.ActiveCfg = Release|Any CPU
		{D21395BE-0254-4782-9298-902D7D9AD79A}.Release|Any CPU.Build.0 = Release|Any CPU
		{758FF94B-9EF8-4057-8610-0DE27E3217EE}.Debug|Any CPU.ActiveCfg = Debug|Any CPU
		{758FF94B-9EF8-4057-8610-0DE27E3217EE}.Debug|Any CPU.Build.0 = Debug|Any CPU
		{758FF94B-9EF8-4057-8610-0DE27E3217EE}.Release|Any CPU.ActiveCfg = Release|Any CPU
		{758FF94B-9EF8-4057-8610-0DE27E3217EE}.Release|Any CPU.Build.0 = Release|Any CPU
		{D185CE9C-807C-4899-BFA7-2E556423AEFD}.Debug|Any CPU.ActiveCfg = Debug|Any CPU
		{D185CE9C-807C-4899-BFA7-2E556423AEFD}.Debug|Any CPU.Build.0 = Debug|Any CPU
		{D185CE9C-807C-4899-BFA7-2E556423AEFD}.Release|Any CPU.ActiveCfg = Release|Any CPU
		{D185CE9C-807C-4899-BFA7-2E556423AEFD}.Release|Any CPU.Build.0 = Release|Any CPU
		{B2153F64-4878-448C-9DCA-85DF0348C232}.Debug|Any CPU.ActiveCfg = Debug|Any CPU
		{B2153F64-4878-448C-9DCA-85DF0348C232}.Debug|Any CPU.Build.0 = Debug|Any CPU
		{B2153F64-4878-448C-9DCA-85DF0348C232}.Release|Any CPU.ActiveCfg = Release|Any CPU
		{B2153F64-4878-448C-9DCA-85DF0348C232}.Release|Any CPU.Build.0 = Release|Any CPU
		{760AB5B7-8A09-4360-8E5B-0A9B8E7371F3}.Debug|Any CPU.ActiveCfg = Debug|Any CPU
		{760AB5B7-8A09-4360-8E5B-0A9B8E7371F3}.Debug|Any CPU.Build.0 = Debug|Any CPU
		{760AB5B7-8A09-4360-8E5B-0A9B8E7371F3}.Release|Any CPU.ActiveCfg = Release|Any CPU
		{760AB5B7-8A09-4360-8E5B-0A9B8E7371F3}.Release|Any CPU.Build.0 = Release|Any CPU
		{5CEA2A32-9148-4A9D-915B-CF1F9F127AC3}.Debug|Any CPU.ActiveCfg = Debug|Any CPU
		{5CEA2A32-9148-4A9D-915B-CF1F9F127AC3}.Debug|Any CPU.Build.0 = Debug|Any CPU
		{5CEA2A32-9148-4A9D-915B-CF1F9F127AC3}.Release|Any CPU.ActiveCfg = Release|Any CPU
		{5CEA2A32-9148-4A9D-915B-CF1F9F127AC3}.Release|Any CPU.Build.0 = Release|Any CPU
	EndGlobalSection
	GlobalSection(SolutionProperties) = preSolution
		HideSolutionNode = FALSE
	EndGlobalSection
	GlobalSection(ExtensibilityGlobals) = postSolution
		SolutionGuid = {69DB2DF9-B8FC-4FEB-B656-E35BB17A09BC}
	EndGlobalSection
EndGlobal
